
Microsoft Visual Studio Solution File, Format Version 12.00
# Visual Studio Version 17
VisualStudioVersion = 17.5.33516.290
MinimumVisualStudioVersion = 10.0.40219.1
Project("{9A19103F-16F7-4668-BE54-9A1E7A4F7556}") = "SafariParkApp", "SafariParkApp\SafariParkApp.csproj", "{50316F9D-2CC3-43B0-B315-847C23A78091}"
EndProject
Project("{9A19103F-16F7-4668-BE54-9A1E7A4F7556}") = "SafariParkTests", "SafariParkTests\SafariParkTests.csproj", "{C5C91D63-2A23-44CF-B0A0-CB52E5D379B0}"
EndProject
Project("{9A19103F-16F7-4668-BE54-9A1E7A4F7556}") = "VehicleTests", "VehicleTests\VehicleTests.csproj", "{1E5632E3-479E-4761-8CA4-F9D4899C05DD}"
EndProject
Project("{FAE04EC0-301F-11D3-BF4B-00C04F79EFBC}") = "AirplaneTests", "AirplaneTests\AirplaneTests.csproj", "{81626EF5-5F93-40DA-AF76-A800EB120FF9}"
EndProject
Global
	GlobalSection(SolutionConfigurationPlatforms) = preSolution
		Debug|Any CPU = Debug|Any CPU
		Release|Any CPU = Release|Any CPU
	EndGlobalSection
	GlobalSection(ProjectConfigurationPlatforms) = postSolution
		{50316F9D-2CC3-43B0-B315-847C23A78091}.Debug|Any CPU.ActiveCfg = Debug|Any CPU
		{50316F9D-2CC3-43B0-B315-847C23A78091}.Debug|Any CPU.Build.0 = Debug|Any CPU
		{50316F9D-2CC3-43B0-B315-847C23A78091}.Release|Any CPU.ActiveCfg = Release|Any CPU
		{50316F9D-2CC3-43B0-B315-847C23A78091}.Release|Any CPU.Build.0 = Release|Any CPU
		{C5C91D63-2A23-44CF-B0A0-CB52E5D379B0}.Debug|Any CPU.ActiveCfg = Debug|Any CPU
		{C5C91D63-2A23-44CF-B0A0-CB52E5D379B0}.Debug|Any CPU.Build.0 = Debug|Any CPU
		{C5C91D63-2A23-44CF-B0A0-CB52E5D379B0}.Release|Any CPU.ActiveCfg = Release|Any CPU
		{C5C91D63-2A23-44CF-B0A0-CB52E5D379B0}.Release|Any CPU.Build.0 = Release|Any CPU
		{1E5632E3-479E-4761-8CA4-F9D4899C05DD}.Debug|Any CPU.ActiveCfg = Debug|Any CPU
		{1E5632E3-479E-4761-8CA4-F9D4899C05DD}.Debug|Any CPU.Build.0 = Debug|Any CPU
		{1E5632E3-479E-4761-8CA4-F9D4899C05DD}.Release|Any CPU.ActiveCfg = Release|Any CPU
		{1E5632E3-479E-4761-8CA4-F9D4899C05DD}.Release|Any CPU.Build.0 = Release|Any CPU
		{81626EF5-5F93-40DA-AF76-A800EB120FF9}.Debug|Any CPU.ActiveCfg = Debug|Any CPU
		{81626EF5-5F93-40DA-AF76-A800EB120FF9}.Debug|Any CPU.Build.0 = Debug|Any CPU
		{81626EF5-5F93-40DA-AF76-A800EB120FF9}.Release|Any CPU.ActiveCfg = Release|Any CPU
		{81626EF5-5F93-40DA-AF76-A800EB120FF9}.Release|Any CPU.Build.0 = Release|Any CPU
	EndGlobalSection
	GlobalSection(SolutionProperties) = preSolution
		HideSolutionNode = FALSE
	EndGlobalSection
	GlobalSection(ExtensibilityGlobals) = postSolution
		SolutionGuid = {E397BF26-51BA-47DD-9BBD-03AA2273146A}
	EndGlobalSection
EndGlobal
